// !$*UTF8*$!
{
	archiveVersion = 1;
	classes = {
	};
	objectVersion = 48;
	objects = {

/* Begin PBXBuildFile section */
		09079489204089140063686E /* screen.cc in Sources */ = {isa = PBXBuildFile; fileRef = 09079488204089140063686E /* screen.cc */; };
		0907948B2043A01F0063686E /* console_screen.cc in Sources */ = {isa = PBXBuildFile; fileRef = 0907948A2043A01F0063686E /* console_screen.cc */; };
		0907948E20468C100063686E /* timer.cc in Sources */ = {isa = PBXBuildFile; fileRef = 0907948D20468C100063686E /* timer.cc */; };
		090794922046A07A0063686E /* util.cc in Sources */ = {isa = PBXBuildFile; fileRef = 090794912046A07A0063686E /* util.cc */; };
		093DACDE2044F43A0087724B /* GLUT.framework in Frameworks */ = {isa = PBXBuildFile; fileRef = 093DACDD2044F43A0087724B /* GLUT.framework */; };
		093DACE02044F4F80087724B /* OpenGL.framework in Frameworks */ = {isa = PBXBuildFile; fileRef = 093DACDF2044F4F80087724B /* OpenGL.framework */; };
		09E2D510204D2BA400D90FDB /* libgflags.2.2.1.dylib in Frameworks */ = {isa = PBXBuildFile; fileRef = 09E2D50F204D2BA400D90FDB /* libgflags.2.2.1.dylib */; };
		A2CCE578203A981900F3FD4F /* main.cc in Sources */ = {isa = PBXBuildFile; fileRef = A2CCE571203A981800F3FD4F /* main.cc */; };
		A2CCE579203A981900F3FD4F /* cpu.cc in Sources */ = {isa = PBXBuildFile; fileRef = A2CCE572203A981800F3FD4F /* cpu.cc */; };
		A2CCE57A203A981900F3FD4F /* ppu.cc in Sources */ = {isa = PBXBuildFile; fileRef = A2CCE574203A981900F3FD4F /* ppu.cc */; };
		A2CCE57B203A981900F3FD4F /* mmu.cc in Sources */ = {isa = PBXBuildFile; fileRef = A2CCE576203A981900F3FD4F /* mmu.cc */; };
		A2CCE57D203A9D6700F3FD4F /* Tetris.gb in Copy Files */ = {isa = PBXBuildFile; fileRef = A2CCE57C203A9C3600F3FD4F /* Tetris.gb */; };
/* End PBXBuildFile section */

/* Begin PBXCopyFilesBuildPhase section */
		A2CCE561203A97FD00F3FD4F /* Copy Files */ = {
			isa = PBXCopyFilesBuildPhase;
			buildActionMask = 2147483647;
			dstPath = "";
			dstSubfolderSpec = 16;
			files = (
				A2CCE57D203A9D6700F3FD4F /* Tetris.gb in Copy Files */,
			);
			name = "Copy Files";
			runOnlyForDeploymentPostprocessing = 1;
		};
/* End PBXCopyFilesBuildPhase section */

/* Begin PBXFileReference section */
		09079487204089140063686E /* screen.h */ = {isa = PBXFileReference; fileEncoding = 4; lastKnownFileType = sourcecode.c.h; path = screen.h; sourceTree = "<group>"; };
		09079488204089140063686E /* screen.cc */ = {isa = PBXFileReference; fileEncoding = 4; lastKnownFileType = sourcecode.cpp.cpp; path = screen.cc; sourceTree = "<group>"; };
		0907948A2043A01F0063686E /* console_screen.cc */ = {isa = PBXFileReference; lastKnownFileType = sourcecode.cpp.cpp; path = console_screen.cc; sourceTree = "<group>"; };
		0907948C2043A02D0063686E /* console_screen.h */ = {isa = PBXFileReference; lastKnownFileType = sourcecode.c.h; path = console_screen.h; sourceTree = "<group>"; };
		0907948D20468C100063686E /* timer.cc */ = {isa = PBXFileReference; lastKnownFileType = sourcecode.cpp.cpp; path = timer.cc; sourceTree = "<group>"; };
		0907948F20468C190063686E /* timer.h */ = {isa = PBXFileReference; lastKnownFileType = sourcecode.c.h; path = timer.h; sourceTree = "<group>"; };
		090794902046A0650063686E /* util.h */ = {isa = PBXFileReference; lastKnownFileType = sourcecode.c.h; path = util.h; sourceTree = "<group>"; };
		090794912046A07A0063686E /* util.cc */ = {isa = PBXFileReference; lastKnownFileType = sourcecode.cpp.cpp; path = util.cc; sourceTree = "<group>"; };
		093DACDA2044F4090087724B /* gl_screen.h */ = {isa = PBXFileReference; lastKnownFileType = sourcecode.c.h; path = gl_screen.h; sourceTree = "<group>"; };
		093DACDB2044F4100087724B /* gl_screen.cc */ = {isa = PBXFileReference; lastKnownFileType = sourcecode.cpp.cpp; path = gl_screen.cc; sourceTree = "<group>"; };
		093DACDD2044F43A0087724B /* GLUT.framework */ = {isa = PBXFileReference; lastKnownFileType = wrapper.framework; name = GLUT.framework; path = System/Library/Frameworks/GLUT.framework; sourceTree = SDKROOT; };
		093DACDF2044F4F80087724B /* OpenGL.framework */ = {isa = PBXFileReference; lastKnownFileType = wrapper.framework; name = OpenGL.framework; path = System/Library/Frameworks/OpenGL.framework; sourceTree = SDKROOT; };
		09670602204B87240023DA60 /* rang.hpp */ = {isa = PBXFileReference; lastKnownFileType = sourcecode.cpp.h; path = rang.hpp; sourceTree = "<group>"; };
		09E2D50F204D2BA400D90FDB /* libgflags.2.2.1.dylib */ = {isa = PBXFileReference; lastKnownFileType = "compiled.mach-o.dylib"; name = libgflags.2.2.1.dylib; path = ../../../../usr/local/Cellar/gflags/2.2.1/lib/libgflags.2.2.1.dylib; sourceTree = "<group>"; };
		09E2D511204F5BCA00D90FDB /* mbc_types.h */ = {isa = PBXFileReference; lastKnownFileType = sourcecode.c.h; path = mbc_types.h; sourceTree = "<group>"; };
		09E2D512204F5BE900D90FDB /* header_type.h */ = {isa = PBXFileReference; lastKnownFileType = sourcecode.c.h; path = header_type.h; sourceTree = "<group>"; };
		09F0BA45204620C600936CF1 /* sdl_input.h */ = {isa = PBXFileReference; lastKnownFileType = sourcecode.c.h; path = sdl_input.h; sourceTree = "<group>"; };
		A2CCE563203A97FD00F3FD4F /* asobitomo */ = {isa = PBXFileReference; explicitFileType = "compiled.mach-o.executable"; includeInIndex = 0; path = asobitomo; sourceTree = BUILT_PRODUCTS_DIR; };
		A2CCE56D203A981800F3FD4F /* types.h */ = {isa = PBXFileReference; fileEncoding = 4; lastKnownFileType = sourcecode.c.h; path = types.h; sourceTree = "<group>"; };
		A2CCE56E203A981800F3FD4F /* ppu.h */ = {isa = PBXFileReference; fileEncoding = 4; lastKnownFileType = sourcecode.c.h; path = ppu.h; sourceTree = "<group>"; };
		A2CCE56F203A981800F3FD4F /* flags.h */ = {isa = PBXFileReference; fileEncoding = 4; lastKnownFileType = sourcecode.c.h; path = flags.h; sourceTree = "<group>"; };
		A2CCE570203A981800F3FD4F /* cpu_macros.h */ = {isa = PBXFileReference; fileEncoding = 4; lastKnownFileType = sourcecode.c.h; path = cpu_macros.h; sourceTree = "<group>"; };
		A2CCE571203A981800F3FD4F /* main.cc */ = {isa = PBXFileReference; fileEncoding = 4; lastKnownFileType = sourcecode.cpp.cpp; path = main.cc; sourceTree = "<group>"; };
		A2CCE572203A981800F3FD4F /* cpu.cc */ = {isa = PBXFileReference; fileEncoding = 4; lastKnownFileType = sourcecode.cpp.cpp; path = cpu.cc; sourceTree = "<group>"; };
		A2CCE573203A981800F3FD4F /* cpu_bc_macros.h */ = {isa = PBXFileReference; fileEncoding = 4; lastKnownFileType = sourcecode.c.h; path = cpu_bc_macros.h; sourceTree = "<group>"; };
		A2CCE574203A981900F3FD4F /* ppu.cc */ = {isa = PBXFileReference; fileEncoding = 4; lastKnownFileType = sourcecode.cpp.cpp; path = ppu.cc; sourceTree = "<group>"; };
		A2CCE575203A981900F3FD4F /* cpu.h */ = {isa = PBXFileReference; fileEncoding = 4; lastKnownFileType = sourcecode.c.h; path = cpu.h; sourceTree = "<group>"; };
		A2CCE576203A981900F3FD4F /* mmu.cc */ = {isa = PBXFileReference; fileEncoding = 4; lastKnownFileType = sourcecode.cpp.cpp; path = mmu.cc; sourceTree = "<group>"; };
		A2CCE577203A981900F3FD4F /* mmu.h */ = {isa = PBXFileReference; fileEncoding = 4; lastKnownFileType = sourcecode.c.h; path = mmu.h; sourceTree = "<group>"; };
		A2CCE57C203A9C3600F3FD4F /* Tetris.gb */ = {isa = PBXFileReference; lastKnownFileType = file; name = Tetris.gb; path = ../../asobitomo/Tetris.gb; sourceTree = "<group>"; };
		A2F50360203C9BDB000FCD02 /* op_names.h */ = {isa = PBXFileReference; lastKnownFileType = sourcecode.c.h; path = op_names.h; sourceTree = "<group>"; };
/* End PBXFileReference section */

/* Begin PBXFrameworksBuildPhase section */
		A2CCE560203A97FD00F3FD4F /* Frameworks */ = {
			isa = PBXFrameworksBuildPhase;
			buildActionMask = 2147483647;
			files = (
				09E2D510204D2BA400D90FDB /* libgflags.2.2.1.dylib in Frameworks */,
				093DACE02044F4F80087724B /* OpenGL.framework in Frameworks */,
				093DACDE2044F43A0087724B /* GLUT.framework in Frameworks */,
			);
			runOnlyForDeploymentPostprocessing = 0;
		};
/* End PBXFrameworksBuildPhase section */

/* Begin PBXGroup section */
		093DACDC2044F43A0087724B /* Frameworks */ = {
			isa = PBXGroup;
			children = (
				09E2D50F204D2BA400D90FDB /* libgflags.2.2.1.dylib */,
				093DACDF2044F4F80087724B /* OpenGL.framework */,
				093DACDD2044F43A0087724B /* GLUT.framework */,
			);
			name = Frameworks;
			sourceTree = "<group>";
		};
		A2CCE55A203A97FD00F3FD4F = {
			isa = PBXGroup;
			children = (
				A2CCE565203A97FD00F3FD4F /* asobitomo */,
				A2CCE564203A97FD00F3FD4F /* Products */,
				093DACDC2044F43A0087724B /* Frameworks */,
			);
			sourceTree = "<group>";
		};
		A2CCE564203A97FD00F3FD4F /* Products */ = {
			isa = PBXGroup;
			children = (
				A2CCE563203A97FD00F3FD4F /* asobitomo */,
			);
			name = Products;
			sourceTree = "<group>";
		};
		A2CCE565203A97FD00F3FD4F /* asobitomo */ = {
			isa = PBXGroup;
			children = (
				09670602204B87240023DA60 /* rang.hpp */,
				093DACDA2044F4090087724B /* gl_screen.h */,
				093DACDB2044F4100087724B /* gl_screen.cc */,
				09079488204089140063686E /* screen.cc */,
				09079487204089140063686E /* screen.h */,
				A2CCE57C203A9C3600F3FD4F /* Tetris.gb */,
				A2CCE573203A981800F3FD4F /* cpu_bc_macros.h */,
				A2CCE570203A981800F3FD4F /* cpu_macros.h */,
				A2CCE572203A981800F3FD4F /* cpu.cc */,
				A2CCE575203A981900F3FD4F /* cpu.h */,
				A2CCE56F203A981800F3FD4F /* flags.h */,
				A2CCE571203A981800F3FD4F /* main.cc */,
				A2CCE576203A981900F3FD4F /* mmu.cc */,
				A2CCE577203A981900F3FD4F /* mmu.h */,
				A2CCE574203A981900F3FD4F /* ppu.cc */,
				A2CCE56E203A981800F3FD4F /* ppu.h */,
				A2CCE56D203A981800F3FD4F /* types.h */,
				A2F50360203C9BDB000FCD02 /* op_names.h */,
				0907948A2043A01F0063686E /* console_screen.cc */,
				0907948C2043A02D0063686E /* console_screen.h */,
				09F0BA45204620C600936CF1 /* sdl_input.h */,
				0907948D20468C100063686E /* timer.cc */,
				0907948F20468C190063686E /* timer.h */,
				090794902046A0650063686E /* util.h */,
				090794912046A07A0063686E /* util.cc */,
				09E2D511204F5BCA00D90FDB /* mbc_types.h */,
				09E2D512204F5BE900D90FDB /* header_type.h */,
			);
			path = asobitomo;
			sourceTree = "<group>";
		};
/* End PBXGroup section */

/* Begin PBXNativeTarget section */
		A2CCE562203A97FD00F3FD4F /* asobitomo */ = {
			isa = PBXNativeTarget;
			buildConfigurationList = A2CCE56A203A97FD00F3FD4F /* Build configuration list for PBXNativeTarget "asobitomo" */;
			buildPhases = (
				A2CCE55F203A97FD00F3FD4F /* Sources */,
				A2CCE560203A97FD00F3FD4F /* Frameworks */,
				A2CCE561203A97FD00F3FD4F /* Copy Files */,
			);
			buildRules = (
			);
			dependencies = (
			);
			name = asobitomo;
			productName = asobitomo;
			productReference = A2CCE563203A97FD00F3FD4F /* asobitomo */;
			productType = "com.apple.product-type.tool";
		};
/* End PBXNativeTarget section */

/* Begin PBXProject section */
		A2CCE55B203A97FD00F3FD4F /* Project object */ = {
			isa = PBXProject;
			attributes = {
				LastUpgradeCheck = 0920;
				ORGANIZATIONNAME = Overpunch;
				TargetAttributes = {
					A2CCE562203A97FD00F3FD4F = {
						CreatedOnToolsVersion = 9.2;
						ProvisioningStyle = Automatic;
					};
				};
			};
			buildConfigurationList = A2CCE55E203A97FD00F3FD4F /* Build configuration list for PBXProject "asobitomo" */;
			compatibilityVersion = "Xcode 8.0";
			developmentRegion = en;
			hasScannedForEncodings = 0;
			knownRegions = (
				en,
			);
			mainGroup = A2CCE55A203A97FD00F3FD4F;
			productRefGroup = A2CCE564203A97FD00F3FD4F /* Products */;
			projectDirPath = "";
			projectRoot = "";
			targets = (
				A2CCE562203A97FD00F3FD4F /* asobitomo */,
			);
		};
/* End PBXProject section */

/* Begin PBXSourcesBuildPhase section */
		A2CCE55F203A97FD00F3FD4F /* Sources */ = {
			isa = PBXSourcesBuildPhase;
			buildActionMask = 2147483647;
			files = (
				A2CCE579203A981900F3FD4F /* cpu.cc in Sources */,
				090794922046A07A0063686E /* util.cc in Sources */,
				0907948B2043A01F0063686E /* console_screen.cc in Sources */,
				A2CCE57B203A981900F3FD4F /* mmu.cc in Sources */,
				0907948E20468C100063686E /* timer.cc in Sources */,
				A2CCE578203A981900F3FD4F /* main.cc in Sources */,
				09079489204089140063686E /* screen.cc in Sources */,
				A2CCE57A203A981900F3FD4F /* ppu.cc in Sources */,
			);
			runOnlyForDeploymentPostprocessing = 0;
		};
/* End PBXSourcesBuildPhase section */

/* Begin XCBuildConfiguration section */
		A2CCE568203A97FD00F3FD4F /* Debug */ = {
			isa = XCBuildConfiguration;
			buildSettings = {
				ALWAYS_SEARCH_USER_PATHS = NO;
				CLANG_ANALYZER_NONNULL = YES;
				CLANG_ANALYZER_NUMBER_OBJECT_CONVERSION = YES_AGGRESSIVE;
				CLANG_CXX_LANGUAGE_STANDARD = "gnu++14";
				CLANG_CXX_LIBRARY = "libc++";
				CLANG_ENABLE_MODULES = YES;
				CLANG_ENABLE_OBJC_ARC = YES;
				CLANG_WARN_BLOCK_CAPTURE_AUTORELEASING = YES;
				CLANG_WARN_BOOL_CONVERSION = YES;
				CLANG_WARN_COMMA = YES;
				CLANG_WARN_CONSTANT_CONVERSION = YES;
				CLANG_WARN_DIRECT_OBJC_ISA_USAGE = YES_ERROR;
				CLANG_WARN_DOCUMENTATION_COMMENTS = YES;
				CLANG_WARN_EMPTY_BODY = YES;
				CLANG_WARN_ENUM_CONVERSION = YES;
				CLANG_WARN_INFINITE_RECURSION = YES;
				CLANG_WARN_INT_CONVERSION = YES;
				CLANG_WARN_NON_LITERAL_NULL_CONVERSION = YES;
				CLANG_WARN_OBJC_LITERAL_CONVERSION = YES;
				CLANG_WARN_OBJC_ROOT_CLASS = YES_ERROR;
				CLANG_WARN_RANGE_LOOP_ANALYSIS = YES;
				CLANG_WARN_STRICT_PROTOTYPES = YES;
				CLANG_WARN_SUSPICIOUS_MOVE = YES;
				CLANG_WARN_UNGUARDED_AVAILABILITY = YES_AGGRESSIVE;
				CLANG_WARN_UNREACHABLE_CODE = YES;
				CLANG_WARN__DUPLICATE_METHOD_MATCH = YES;
				CODE_SIGN_IDENTITY = "-";
				COPY_PHASE_STRIP = NO;
				DEBUG_INFORMATION_FORMAT = dwarf;
				ENABLE_STRICT_OBJC_MSGSEND = YES;
				ENABLE_TESTABILITY = YES;
				GCC_C_LANGUAGE_STANDARD = gnu11;
				GCC_DYNAMIC_NO_PIC = NO;
				GCC_NO_COMMON_BLOCKS = YES;
				GCC_OPTIMIZATION_LEVEL = 0;
				GCC_PREPROCESSOR_DEFINITIONS = (
					"DEBUG=1",
					"$(inherited)",
				);
				GCC_WARN_64_TO_32_BIT_CONVERSION = YES;
				GCC_WARN_ABOUT_RETURN_TYPE = YES_ERROR;
				GCC_WARN_UNDECLARED_SELECTOR = YES;
				GCC_WARN_UNINITIALIZED_AUTOS = YES_AGGRESSIVE;
				GCC_WARN_UNUSED_FUNCTION = YES;
				GCC_WARN_UNUSED_VARIABLE = YES;
				MACOSX_DEPLOYMENT_TARGET = 10.12;
				MTL_ENABLE_DEBUG_INFO = YES;
				ONLY_ACTIVE_ARCH = YES;
				SDKROOT = macosx;
			};
			name = Debug;
		};
		A2CCE569203A97FD00F3FD4F /* Release */ = {
			isa = XCBuildConfiguration;
			buildSettings = {
				ALWAYS_SEARCH_USER_PATHS = NO;
				CLANG_ANALYZER_NONNULL = YES;
				CLANG_ANALYZER_NUMBER_OBJECT_CONVERSION = YES_AGGRESSIVE;
				CLANG_CXX_LANGUAGE_STANDARD = "gnu++14";
				CLANG_CXX_LIBRARY = "libc++";
				CLANG_ENABLE_MODULES = YES;
				CLANG_ENABLE_OBJC_ARC = YES;
				CLANG_WARN_BLOCK_CAPTURE_AUTORELEASING = YES;
				CLANG_WARN_BOOL_CONVERSION = YES;
				CLANG_WARN_COMMA = YES;
				CLANG_WARN_CONSTANT_CONVERSION = YES;
				CLANG_WARN_DIRECT_OBJC_ISA_USAGE = YES_ERROR;
				CLANG_WARN_DOCUMENTATION_COMMENTS = YES;
				CLANG_WARN_EMPTY_BODY = YES;
				CLANG_WARN_ENUM_CONVERSION = YES;
				CLANG_WARN_INFINITE_RECURSION = YES;
				CLANG_WARN_INT_CONVERSION = YES;
				CLANG_WARN_NON_LITERAL_NULL_CONVERSION = YES;
				CLANG_WARN_OBJC_LITERAL_CONVERSION = YES;
				CLANG_WARN_OBJC_ROOT_CLASS = YES_ERROR;
				CLANG_WARN_RANGE_LOOP_ANALYSIS = YES;
				CLANG_WARN_STRICT_PROTOTYPES = YES;
				CLANG_WARN_SUSPICIOUS_MOVE = YES;
				CLANG_WARN_UNGUARDED_AVAILABILITY = YES_AGGRESSIVE;
				CLANG_WARN_UNREACHABLE_CODE = YES;
				CLANG_WARN__DUPLICATE_METHOD_MATCH = YES;
				CODE_SIGN_IDENTITY = "-";
				COPY_PHASE_STRIP = NO;
				DEBUG_INFORMATION_FORMAT = "dwarf-with-dsym";
				ENABLE_NS_ASSERTIONS = NO;
				ENABLE_STRICT_OBJC_MSGSEND = YES;
				GCC_C_LANGUAGE_STANDARD = gnu11;
				GCC_NO_COMMON_BLOCKS = YES;
				GCC_WARN_64_TO_32_BIT_CONVERSION = YES;
				GCC_WARN_ABOUT_RETURN_TYPE = YES_ERROR;
				GCC_WARN_UNDECLARED_SELECTOR = YES;
				GCC_WARN_UNINITIALIZED_AUTOS = YES_AGGRESSIVE;
				GCC_WARN_UNUSED_FUNCTION = YES;
				GCC_WARN_UNUSED_VARIABLE = YES;
				MACOSX_DEPLOYMENT_TARGET = 10.12;
				MTL_ENABLE_DEBUG_INFO = NO;
				SDKROOT = macosx;
			};
			name = Release;
		};
		A2CCE56B203A97FD00F3FD4F /* Debug */ = {
			isa = XCBuildConfiguration;
			buildSettings = {
				CLANG_CXX_LANGUAGE_STANDARD = "c++14";
				CODE_SIGN_STYLE = Automatic;
				GCC_OPTIMIZATION_LEVEL = 0;
				HEADER_SEARCH_PATHS = /usr/local/include;
				LIBRARY_SEARCH_PATHS = (
					/usr/local/lib,
					/usr/local/Cellar/gflags/2.2.1/lib,
				);
				OTHER_CPLUSPLUSFLAGS = (
					"$(OTHER_CFLAGS)",
					"-D_THREAD_SAFE",
				);
				OTHER_LDFLAGS = "-lSDL2";
				PRODUCT_NAME = "$(TARGET_NAME)";
			};
			name = Debug;
		};
		A2CCE56C203A97FD00F3FD4F /* Release */ = {
			isa = XCBuildConfiguration;
			buildSettings = {
				CLANG_CXX_LANGUAGE_STANDARD = "c++14";
				CODE_SIGN_STYLE = Automatic;
				HEADER_SEARCH_PATHS = /usr/local/include;
				LIBRARY_SEARCH_PATHS = (
					/usr/local/lib,
					/usr/local/Cellar/gflags/2.2.1/lib,
				);
				OTHER_CPLUSPLUSFLAGS = (
					"$(OTHER_CFLAGS)",
					"-D_THREAD_SAFE",
				);
				OTHER_LDFLAGS = "-lSDL2";
				PRODUCT_NAME = "$(TARGET_NAME)";
			};
			name = Release;
		};
/* End XCBuildConfiguration section */

/* Begin XCConfigurationList section */
		A2CCE55E203A97FD00F3FD4F /* Build configuration list for PBXProject "asobitomo" */ = {
			isa = XCConfigurationList;
			buildConfigurations = (
				A2CCE568203A97FD00F3FD4F /* Debug */,
				A2CCE569203A97FD00F3FD4F /* Release */,
			);
			defaultConfigurationIsVisible = 0;
			defaultConfigurationName = Release;
		};
		A2CCE56A203A97FD00F3FD4F /* Build configuration list for PBXNativeTarget "asobitomo" */ = {
			isa = XCConfigurationList;
			buildConfigurations = (
				A2CCE56B203A97FD00F3FD4F /* Debug */,
				A2CCE56C203A97FD00F3FD4F /* Release */,
			);
			defaultConfigurationIsVisible = 0;
			defaultConfigurationName = Release;
		};
/* End XCConfigurationList section */
	};
	rootObject = A2CCE55B203A97FD00F3FD4F /* Project object */;
}
